
Microsoft Visual Studio Solution File, Format Version 12.00
# Visual Studio Version 16
VisualStudioVersion = 16.0.30907.101
MinimumVisualStudioVersion = 10.0.40219.1
Project("{FAE04EC0-301F-11D3-BF4B-00C04F79EFBC}") = "WpfApp1", "WpfApp1\WpfApp1.csproj", "{BED6C897-19B2-4E5F-9FA6-058C18023BC1}"
EndProject
Global
	GlobalSection(SolutionConfigurationPlatforms) = preSolution
		Debug|Any CPU = Debug|Any CPU
		Release|Any CPU = Release|Any CPU
	EndGlobalSection
	GlobalSection(ProjectConfigurationPlatforms) = postSolution
		{BED6C897-19B2-4E5F-9FA6-058C18023BC1}.Debug|Any CPU.ActiveCfg = Debug|Any CPU
		{BED6C897-19B2-4E5F-9FA6-058C18023BC1}.Debug|Any CPU.Build.0 = Debug|Any CPU
		{BED6C897-19B2-4E5F-9FA6-058C18023BC1}.Release|Any CPU.ActiveCfg = Release|Any CPU
		{BED6C897-19B2-4E5F-9FA6-058C18023BC1}.Release|Any CPU.Build.0 = Release|Any CPU
	EndGlobalSection
	GlobalSection(SolutionProperties) = preSolution
		HideSolutionNode = FALSE
	EndGlobalSection
	GlobalSection(ExtensibilityGlobals) = postSolution
		SolutionGuid = {D37DD8E3-5F7E-4356-9BED-96FECC45E415}
	EndGlobalSection
EndGlobal
